
Microsoft Visual Studio Solution File, Format Version 12.00
# Visual Studio Version 16
VisualStudioVersion = 16.0.29009.5
MinimumVisualStudioVersion = 10.0.40219.1
Project("{FAE04EC0-301F-11D3-BF4B-00C04F79EFBC}") = "ValidateTokens", "ValidateTokens.csproj", "{1F3EDF4D-F972-4E7B-875A-30B5A30BBC4E}"
EndProject
Global
	GlobalSection(SolutionConfigurationPlatforms) = preSolution
		Debug|Any CPU = Debug|Any CPU
		Release|Any CPU = Release|Any CPU
	EndGlobalSection
	GlobalSection(ProjectConfigurationPlatforms) = postSolution
		{1F3EDF4D-F972-4E7B-875A-30B5A30BBC4E}.Debug|Any CPU.ActiveCfg = Debug|Any CPU
		{1F3EDF4D-F972-4E7B-875A-30B5A30BBC4E}.Debug|Any CPU.Build.0 = Debug|Any CPU
		{1F3EDF4D-F972-4E7B-875A-30B5A30BBC4E}.Release|Any CPU.ActiveCfg = Release|Any CPU
		{1F3EDF4D-F972-4E7B-875A-30B5A30BBC4E}.Release|Any CPU.Build.0 = Release|Any CPU
	EndGlobalSection
	GlobalSection(SolutionProperties) = preSolution
		HideSolutionNode = FALSE
	EndGlobalSection
	GlobalSection(ExtensibilityGlobals) = postSolution
		SolutionGuid = {318CEF82-CE01-484E-9719-753501A0E150}
	EndGlobalSection
EndGlobal
