
Microsoft Visual Studio Solution File, Format Version 12.00
# Visual Studio Version 16
VisualStudioVersion = 16.0.30011.22
MinimumVisualStudioVersion = 10.0.40219.1
Project("{FAE04EC0-301F-11D3-BF4B-00C04F79EFBC}") = "ValidateTokens", "ValidateTokens.csproj", "{48FE7C41-4D4F-46A0-BBB6-15A1C5878119}"
EndProject
Global
	GlobalSection(SolutionConfigurationPlatforms) = preSolution
		Debug|Any CPU = Debug|Any CPU
		Release|Any CPU = Release|Any CPU
	EndGlobalSection
	GlobalSection(ProjectConfigurationPlatforms) = postSolution
		{48FE7C41-4D4F-46A0-BBB6-15A1C5878119}.Debug|Any CPU.ActiveCfg = Debug|Any CPU
		{48FE7C41-4D4F-46A0-BBB6-15A1C5878119}.Debug|Any CPU.Build.0 = Debug|Any CPU
		{48FE7C41-4D4F-46A0-BBB6-15A1C5878119}.Release|Any CPU.ActiveCfg = Release|Any CPU
		{48FE7C41-4D4F-46A0-BBB6-15A1C5878119}.Release|Any CPU.Build.0 = Release|Any CPU
	EndGlobalSection
	GlobalSection(SolutionProperties) = preSolution
		HideSolutionNode = FALSE
	EndGlobalSection
	GlobalSection(ExtensibilityGlobals) = postSolution
		SolutionGuid = {FDEA8118-A0C6-4040-B31B-1C1D8629CE6E}
	EndGlobalSection
EndGlobal
