
Microsoft Visual Studio Solution File, Format Version 12.00
# Visual Studio Version 16
VisualStudioVersion = 16.0.29009.5
MinimumVisualStudioVersion = 10.0.40219.1
Project("{FAE04EC0-301F-11D3-BF4B-00C04F79EFBC}") = "CreateTokens", "CreateTokens.csproj", "{29D45B26-C377-411B-A191-88B2907406C4}"
EndProject
Global
	GlobalSection(SolutionConfigurationPlatforms) = preSolution
		Debug|Any CPU = Debug|Any CPU
		Release|Any CPU = Release|Any CPU
	EndGlobalSection
	GlobalSection(ProjectConfigurationPlatforms) = postSolution
		{29D45B26-C377-411B-A191-88B2907406C4}.Debug|Any CPU.ActiveCfg = Debug|Any CPU
		{29D45B26-C377-411B-A191-88B2907406C4}.Debug|Any CPU.Build.0 = Debug|Any CPU
		{29D45B26-C377-411B-A191-88B2907406C4}.Release|Any CPU.ActiveCfg = Release|Any CPU
		{29D45B26-C377-411B-A191-88B2907406C4}.Release|Any CPU.Build.0 = Release|Any CPU
	EndGlobalSection
	GlobalSection(SolutionProperties) = preSolution
		HideSolutionNode = FALSE
	EndGlobalSection
	GlobalSection(ExtensibilityGlobals) = postSolution
		SolutionGuid = {64E09983-F3DB-478B-A180-04F05120CA56}
	EndGlobalSection
EndGlobal
