
Microsoft Visual Studio Solution File, Format Version 12.00
# Visual Studio Version 16
VisualStudioVersion = 16.0.29001.49
MinimumVisualStudioVersion = 10.0.40219.1
Project("{9A19103F-16F7-4668-BE54-9A1E7A4F7556}") = "Microsoft.IdentityModel.TestUtils", "..\Microsoft.IdentityModel.TestUtils\Microsoft.IdentityModel.TestUtils.csproj", "{7D283E6A-7842-427C-BB8F-A3DD4665DB87}"
EndProject
Project("{FAE04EC0-301F-11D3-BF4B-00C04F79EFBC}") = "ValidateTokens5.4.0", "Perf\ValidateTokens\ValidateTokens5.4.0\ValidateTokens5.4.0.csproj", "{7DFD9EF0-71A0-4D74-92B9-27759F370A30}"
EndProject
Project("{FAE04EC0-301F-11D3-BF4B-00C04F79EFBC}") = "ValidateTokensDev5x", "Perf\ValidateTokens\ValidateTokensDev5x\ValidateTokensDev5x.csproj", "{1F3EDF4D-F972-4E7B-875A-30B5A30BBC4E}"
EndProject
Project("{FAE04EC0-301F-11D3-BF4B-00C04F79EFBC}") = "CreateTokens5.4.0", "Perf\CreateTokens\CreateTokens5.4.0\CreateTokens5.4.0.csproj", "{29D45B26-C377-411B-A191-88B2907406C4}"
EndProject
Project("{FAE04EC0-301F-11D3-BF4B-00C04F79EFBC}") = "CreateTokensDev5x", "Perf\CreateTokens\CreateTokensDev5x\CreateTokensDev5x.csproj", "{00FDDD96-8154-4EE7-B7CB-54B196D26154}"
EndProject
Project("{FAE04EC0-301F-11D3-BF4B-00C04F79EFBC}") = "SecurityTokens5.4.0", "Stress\SecurityTokens\SecurityTokens5.4.0\SecurityTokens5.4.0.csproj", "{48FE7C41-4D4F-46A0-BBB6-15A1C5878119}"
EndProject
Project("{FAE04EC0-301F-11D3-BF4B-00C04F79EFBC}") = "SecurityTokensDev5x", "Stress\SecurityTokens\SecurityTokensDev5x\SecurityTokensDev5x.csproj", "{750FF127-AEA9-4675-ACB5-7AA1999F8CF6}"
EndProject
Global
	GlobalSection(SolutionConfigurationPlatforms) = preSolution
		Debug|Any CPU = Debug|Any CPU
		Release|Any CPU = Release|Any CPU
	EndGlobalSection
	GlobalSection(ProjectConfigurationPlatforms) = postSolution
		{7D283E6A-7842-427C-BB8F-A3DD4665DB87}.Debug|Any CPU.ActiveCfg = Debug|Any CPU
		{7D283E6A-7842-427C-BB8F-A3DD4665DB87}.Debug|Any CPU.Build.0 = Debug|Any CPU
		{7D283E6A-7842-427C-BB8F-A3DD4665DB87}.Release|Any CPU.ActiveCfg = Release|Any CPU
		{7D283E6A-7842-427C-BB8F-A3DD4665DB87}.Release|Any CPU.Build.0 = Release|Any CPU
		{7DFD9EF0-71A0-4D74-92B9-27759F370A30}.Debug|Any CPU.ActiveCfg = Debug|Any CPU
		{7DFD9EF0-71A0-4D74-92B9-27759F370A30}.Debug|Any CPU.Build.0 = Debug|Any CPU
		{7DFD9EF0-71A0-4D74-92B9-27759F370A30}.Release|Any CPU.ActiveCfg = Release|Any CPU
		{7DFD9EF0-71A0-4D74-92B9-27759F370A30}.Release|Any CPU.Build.0 = Release|Any CPU
		{1F3EDF4D-F972-4E7B-875A-30B5A30BBC4E}.Debug|Any CPU.ActiveCfg = Debug|Any CPU
		{1F3EDF4D-F972-4E7B-875A-30B5A30BBC4E}.Debug|Any CPU.Build.0 = Debug|Any CPU
		{1F3EDF4D-F972-4E7B-875A-30B5A30BBC4E}.Release|Any CPU.ActiveCfg = Release|Any CPU
		{1F3EDF4D-F972-4E7B-875A-30B5A30BBC4E}.Release|Any CPU.Build.0 = Release|Any CPU
		{29D45B26-C377-411B-A191-88B2907406C4}.Debug|Any CPU.ActiveCfg = Debug|Any CPU
		{29D45B26-C377-411B-A191-88B2907406C4}.Debug|Any CPU.Build.0 = Debug|Any CPU
		{29D45B26-C377-411B-A191-88B2907406C4}.Release|Any CPU.ActiveCfg = Release|Any CPU
		{29D45B26-C377-411B-A191-88B2907406C4}.Release|Any CPU.Build.0 = Release|Any CPU
		{00FDDD96-8154-4EE7-B7CB-54B196D26154}.Debug|Any CPU.ActiveCfg = Debug|Any CPU
		{00FDDD96-8154-4EE7-B7CB-54B196D26154}.Debug|Any CPU.Build.0 = Debug|Any CPU
		{00FDDD96-8154-4EE7-B7CB-54B196D26154}.Release|Any CPU.ActiveCfg = Release|Any CPU
		{00FDDD96-8154-4EE7-B7CB-54B196D26154}.Release|Any CPU.Build.0 = Release|Any CPU
		{48FE7C41-4D4F-46A0-BBB6-15A1C5878119}.Debug|Any CPU.ActiveCfg = Debug|Any CPU
		{48FE7C41-4D4F-46A0-BBB6-15A1C5878119}.Debug|Any CPU.Build.0 = Debug|Any CPU
		{48FE7C41-4D4F-46A0-BBB6-15A1C5878119}.Release|Any CPU.ActiveCfg = Release|Any CPU
		{48FE7C41-4D4F-46A0-BBB6-15A1C5878119}.Release|Any CPU.Build.0 = Release|Any CPU
		{750FF127-AEA9-4675-ACB5-7AA1999F8CF6}.Debug|Any CPU.ActiveCfg = Debug|Any CPU
		{750FF127-AEA9-4675-ACB5-7AA1999F8CF6}.Debug|Any CPU.Build.0 = Debug|Any CPU
		{750FF127-AEA9-4675-ACB5-7AA1999F8CF6}.Release|Any CPU.ActiveCfg = Release|Any CPU
		{750FF127-AEA9-4675-ACB5-7AA1999F8CF6}.Release|Any CPU.Build.0 = Release|Any CPU
	EndGlobalSection
	GlobalSection(SolutionProperties) = preSolution
		HideSolutionNode = FALSE
	EndGlobalSection
	GlobalSection(ExtensibilityGlobals) = postSolution
		SolutionGuid = {711299B8-B228-4C3A-B1B8-D86E4770B74B}
	EndGlobalSection
EndGlobal
