
Microsoft Visual Studio Solution File, Format Version 12.00
# Visual Studio Version 16
VisualStudioVersion = 16.0.29709.97
MinimumVisualStudioVersion = 10.0.40219.1
Project("{9A19103F-16F7-4668-BE54-9A1E7A4F7556}") = "System.ServiceModel.Federation", "src\System.ServiceModel.Federation\System.ServiceModel.Federation.csproj", "{21492D60-8831-40E2-8213-D28EC7D173CB}"
EndProject
Project("{9A19103F-16F7-4668-BE54-9A1E7A4F7556}") = "System.ServiceModel.Federation.Tests", "test\System.ServiceModel.Federation.Tests\System.ServiceModel.Federation.Tests.csproj", "{492EB586-49A5-4D33-AFF7-10BAB2022F36}"
EndProject
Project("{2150E333-8FDC-42A3-9474-1A3956D46DE8}") = "src", "src", "{C682D238-9EF0-41BE-A16B-059216905E66}"
EndProject
Project("{2150E333-8FDC-42A3-9474-1A3956D46DE8}") = "test", "test", "{6BA5BF2B-F2E4-4BC0-A7A1-1B69ED86C8C2}"
EndProject
Project("{9A19103F-16F7-4668-BE54-9A1E7A4F7556}") = "Microsoft.IdentityModel.TestUtils", "..\test\Microsoft.IdentityModel.TestUtils\Microsoft.IdentityModel.TestUtils.csproj", "{B83A7E17-5CB1-4ADF-9174-82C7C9367146}"
EndProject
Global
	GlobalSection(SolutionConfigurationPlatforms) = preSolution
		Debug|Any CPU = Debug|Any CPU
		Release|Any CPU = Release|Any CPU
	EndGlobalSection
	GlobalSection(ProjectConfigurationPlatforms) = postSolution
		{21492D60-8831-40E2-8213-D28EC7D173CB}.Debug|Any CPU.ActiveCfg = Debug|Any CPU
		{21492D60-8831-40E2-8213-D28EC7D173CB}.Debug|Any CPU.Build.0 = Debug|Any CPU
		{21492D60-8831-40E2-8213-D28EC7D173CB}.Release|Any CPU.ActiveCfg = Release|Any CPU
		{21492D60-8831-40E2-8213-D28EC7D173CB}.Release|Any CPU.Build.0 = Release|Any CPU
		{492EB586-49A5-4D33-AFF7-10BAB2022F36}.Debug|Any CPU.ActiveCfg = Debug|Any CPU
		{492EB586-49A5-4D33-AFF7-10BAB2022F36}.Debug|Any CPU.Build.0 = Debug|Any CPU
		{492EB586-49A5-4D33-AFF7-10BAB2022F36}.Release|Any CPU.ActiveCfg = Release|Any CPU
		{492EB586-49A5-4D33-AFF7-10BAB2022F36}.Release|Any CPU.Build.0 = Release|Any CPU
		{B83A7E17-5CB1-4ADF-9174-82C7C9367146}.Debug|Any CPU.ActiveCfg = Debug|Any CPU
		{B83A7E17-5CB1-4ADF-9174-82C7C9367146}.Debug|Any CPU.Build.0 = Debug|Any CPU
		{B83A7E17-5CB1-4ADF-9174-82C7C9367146}.Release|Any CPU.ActiveCfg = Release|Any CPU
		{B83A7E17-5CB1-4ADF-9174-82C7C9367146}.Release|Any CPU.Build.0 = Release|Any CPU
	EndGlobalSection
	GlobalSection(SolutionProperties) = preSolution
		HideSolutionNode = FALSE
	EndGlobalSection
	GlobalSection(NestedProjects) = preSolution
		{21492D60-8831-40E2-8213-D28EC7D173CB} = {C682D238-9EF0-41BE-A16B-059216905E66}
		{492EB586-49A5-4D33-AFF7-10BAB2022F36} = {6BA5BF2B-F2E4-4BC0-A7A1-1B69ED86C8C2}
		{B83A7E17-5CB1-4ADF-9174-82C7C9367146} = {6BA5BF2B-F2E4-4BC0-A7A1-1B69ED86C8C2}
	EndGlobalSection
	GlobalSection(ExtensibilityGlobals) = postSolution
		SolutionGuid = {20F11944-5DF0-4D1D-862C-35F1C4C22700}
	EndGlobalSection
EndGlobal
