
Microsoft Visual Studio Solution File, Format Version 12.00
# Visual Studio Version 16
VisualStudioVersion = 16.0.29709.97
MinimumVisualStudioVersion = 10.0.40219.1
Project("{9A19103F-16F7-4668-BE54-9A1E7A4F7556}") = "System.ServiceModel.Federation", "src\System.ServiceModel.Federation\System.ServiceModel.Federation.csproj", "{21492D60-8831-40E2-8213-D28EC7D173CB}"
EndProject
Global
	GlobalSection(SolutionConfigurationPlatforms) = preSolution
		Debug|Any CPU = Debug|Any CPU
		Release|Any CPU = Release|Any CPU
	EndGlobalSection
	GlobalSection(ProjectConfigurationPlatforms) = postSolution
		{21492D60-8831-40E2-8213-D28EC7D173CB}.Debug|Any CPU.ActiveCfg = Debug|Any CPU
		{21492D60-8831-40E2-8213-D28EC7D173CB}.Debug|Any CPU.Build.0 = Debug|Any CPU
		{21492D60-8831-40E2-8213-D28EC7D173CB}.Release|Any CPU.ActiveCfg = Release|Any CPU
		{21492D60-8831-40E2-8213-D28EC7D173CB}.Release|Any CPU.Build.0 = Release|Any CPU
	EndGlobalSection
	GlobalSection(SolutionProperties) = preSolution
		HideSolutionNode = FALSE
	EndGlobalSection
	GlobalSection(ExtensibilityGlobals) = postSolution
		SolutionGuid = {20F11944-5DF0-4D1D-862C-35F1C4C22700}
	EndGlobalSection
EndGlobal
