
Microsoft Visual Studio Solution File, Format Version 12.00
# Visual Studio Version 17
VisualStudioVersion = 17.8.34004.107
MinimumVisualStudioVersion = 10.0.40219.1
Project("{9A19103F-16F7-4668-BE54-9A1E7A4F7556}") = "Microsoft.IdentityModel.Benchmarks", "Microsoft.IdentityModel.Benchmarks.csproj", "{A1E6F24A-7C98-41C9-8FD0-C020752EE2BA}"
EndProject
Global
	GlobalSection(SolutionConfigurationPlatforms) = preSolution
		Debug|Any CPU = Debug|Any CPU
		Release|Any CPU = Release|Any CPU
	EndGlobalSection
	GlobalSection(ProjectConfigurationPlatforms) = postSolution
		{A1E6F24A-7C98-41C9-8FD0-C020752EE2BA}.Debug|Any CPU.ActiveCfg = Debug|Any CPU
		{A1E6F24A-7C98-41C9-8FD0-C020752EE2BA}.Debug|Any CPU.Build.0 = Debug|Any CPU
		{A1E6F24A-7C98-41C9-8FD0-C020752EE2BA}.Release|Any CPU.ActiveCfg = Release|Any CPU
		{A1E6F24A-7C98-41C9-8FD0-C020752EE2BA}.Release|Any CPU.Build.0 = Release|Any CPU
	EndGlobalSection
	GlobalSection(SolutionProperties) = preSolution
		HideSolutionNode = FALSE
	EndGlobalSection
	GlobalSection(ExtensibilityGlobals) = postSolution
		SolutionGuid = {A5E95006-36FB-400D-B216-EC9A77740601}
	EndGlobalSection
EndGlobal
