
Microsoft Visual Studio Solution File, Format Version 12.00
# Visual Studio 15
VisualStudioVersion = 15.0.27130.2010
MinimumVisualStudioVersion = 10.0.40219.1
Project("{FAE04EC0-301F-11D3-BF4B-00C04F79EFBC}") = "RegexAnalyzer", "RegexAnalyzer\RegexAnalyzer\RegexAnalyzer.csproj", "{2AC5CD8E-451D-49AE-8CD7-5DF9E7FE528B}"
EndProject
Project("{FAE04EC0-301F-11D3-BF4B-00C04F79EFBC}") = "RegexAnalyzer.Test", "RegexAnalyzer\RegexAnalyzer.Test\RegexAnalyzer.Test.csproj", "{71DD6413-D154-4093-9FE0-F2C8E49B463B}"
EndProject
Project("{FAE04EC0-301F-11D3-BF4B-00C04F79EFBC}") = "RegexAnalyzer.Vsix", "RegexAnalyzer\RegexAnalyzer.Vsix\RegexAnalyzer.Vsix.csproj", "{23009125-936D-4BC4-BECA-865BBEB4AC93}"
EndProject
Global
	GlobalSection(SolutionConfigurationPlatforms) = preSolution
		Debug|Any CPU = Debug|Any CPU
		Release|Any CPU = Release|Any CPU
	EndGlobalSection
	GlobalSection(ProjectConfigurationPlatforms) = postSolution
		{2AC5CD8E-451D-49AE-8CD7-5DF9E7FE528B}.Debug|Any CPU.ActiveCfg = Debug|Any CPU
		{2AC5CD8E-451D-49AE-8CD7-5DF9E7FE528B}.Debug|Any CPU.Build.0 = Debug|Any CPU
		{2AC5CD8E-451D-49AE-8CD7-5DF9E7FE528B}.Release|Any CPU.ActiveCfg = Release|Any CPU
		{2AC5CD8E-451D-49AE-8CD7-5DF9E7FE528B}.Release|Any CPU.Build.0 = Release|Any CPU
		{71DD6413-D154-4093-9FE0-F2C8E49B463B}.Debug|Any CPU.ActiveCfg = Debug|Any CPU
		{71DD6413-D154-4093-9FE0-F2C8E49B463B}.Debug|Any CPU.Build.0 = Debug|Any CPU
		{71DD6413-D154-4093-9FE0-F2C8E49B463B}.Release|Any CPU.ActiveCfg = Release|Any CPU
		{71DD6413-D154-4093-9FE0-F2C8E49B463B}.Release|Any CPU.Build.0 = Release|Any CPU
		{23009125-936D-4BC4-BECA-865BBEB4AC93}.Debug|Any CPU.ActiveCfg = Debug|Any CPU
		{23009125-936D-4BC4-BECA-865BBEB4AC93}.Debug|Any CPU.Build.0 = Debug|Any CPU
		{23009125-936D-4BC4-BECA-865BBEB4AC93}.Release|Any CPU.ActiveCfg = Release|Any CPU
		{23009125-936D-4BC4-BECA-865BBEB4AC93}.Release|Any CPU.Build.0 = Release|Any CPU
	EndGlobalSection
	GlobalSection(SolutionProperties) = preSolution
		HideSolutionNode = FALSE
	EndGlobalSection
	GlobalSection(ExtensibilityGlobals) = postSolution
		SolutionGuid = {78CF519C-5BC3-4AF7-BBCE-9762372DBD71}
	EndGlobalSection
EndGlobal
