
Microsoft Visual Studio Solution File, Format Version 12.00
# Visual Studio Version 16
VisualStudioVersion = 16.0.30002.166
MinimumVisualStudioVersion = 10.0.40219.1
Project("{FAE04EC0-301F-11D3-BF4B-00C04F79EFBC}") = "WsFedederationClient", "src\WsFederationClient\WsFedederationClient.csproj", "{9FAF2BA7-8AB8-4388-B53A-1031729773C5}"
EndProject
Project("{FAE04EC0-301F-11D3-BF4B-00C04F79EFBC}") = "WsTrustClient", "src\WsTrustClient\WsTrustClient.csproj", "{2BDA255E-E880-4AA8-BC24-AEBE3C051951}"
EndProject
Global
	GlobalSection(SolutionConfigurationPlatforms) = preSolution
		Debug|Any CPU = Debug|Any CPU
		Release|Any CPU = Release|Any CPU
	EndGlobalSection
	GlobalSection(ProjectConfigurationPlatforms) = postSolution
		{9FAF2BA7-8AB8-4388-B53A-1031729773C5}.Debug|Any CPU.ActiveCfg = Debug|Any CPU
		{9FAF2BA7-8AB8-4388-B53A-1031729773C5}.Debug|Any CPU.Build.0 = Debug|Any CPU
		{9FAF2BA7-8AB8-4388-B53A-1031729773C5}.Release|Any CPU.ActiveCfg = Release|Any CPU
		{9FAF2BA7-8AB8-4388-B53A-1031729773C5}.Release|Any CPU.Build.0 = Release|Any CPU
		{2BDA255E-E880-4AA8-BC24-AEBE3C051951}.Debug|Any CPU.ActiveCfg = Debug|Any CPU
		{2BDA255E-E880-4AA8-BC24-AEBE3C051951}.Debug|Any CPU.Build.0 = Debug|Any CPU
		{2BDA255E-E880-4AA8-BC24-AEBE3C051951}.Release|Any CPU.ActiveCfg = Release|Any CPU
		{2BDA255E-E880-4AA8-BC24-AEBE3C051951}.Release|Any CPU.Build.0 = Release|Any CPU
	EndGlobalSection
	GlobalSection(SolutionProperties) = preSolution
		HideSolutionNode = FALSE
	EndGlobalSection
	GlobalSection(ExtensibilityGlobals) = postSolution
		SolutionGuid = {D2D9EE71-94B6-47DE-A341-A19B24D4EB82}
	EndGlobalSection
EndGlobal
